{
  "name": "regexps",
  "lockfileVersion": 3,
  "requires": true,
  "packages": {
    "": {
      "dependencies": {
        "@cdandrea/memoize-ts": "^1.0.59"
      }
    },
    "node_modules/@cdandrea/memoize-ts": {
      "version": "1.0.59",
      "resolved": "https://registry.npmjs.org/@cdandrea/memoize-ts/-/memoize-ts-1.0.59.tgz",
      "integrity": "sha512-Uui81+rcIJB4mfdSKfPoXQD2Bu4HBZFOwXXn0+ajvFnmLN+Uy2PP7p1XsR0vRl89WzGYClUWRT7djpEVCjggTw==",
      "license": "ISC"
    }
  }
}
